
Microsoft Visual Studio Solution File, Format Version 12.00
# Visual Studio 14
VisualStudioVersion = 14.0.25420.1
MinimumVisualStudioVersion = 10.0.40219.1
Project("{2150E333-8FDC-42A3-9474-1A3956D46DE8}") = "src", "src", "{67ECAD12-35ED-4E21-8522-20B5D0AA75CC}"
EndProject
Project("{2150E333-8FDC-42A3-9474-1A3956D46DE8}") = "Solution Items", "Solution Items", "{97929E33-C272-42C8-B163-8CAF7244FE2C}"
	ProjectSection(SolutionItems) = preProject
		.gitignore = .gitignore
		global.json = global.json
		LICENSE = LICENSE
		README.md = README.md
	EndProjectSection
EndProject
Project("{8BB2217D-0F2D-49D1-97BC-3654ED321F3B}") = "AspNetCoreWithAngular2.WebUI", "src\AspNetCoreWithAngular2.WebUI\AspNetCoreWithAngular2.WebUI.xproj", "{71EA57C9-46B1-4D2C-B796-83A294FBB603}"
EndProject
Global
	GlobalSection(SolutionConfigurationPlatforms) = preSolution
		Debug|Any CPU = Debug|Any CPU
		Release|Any CPU = Release|Any CPU
	EndGlobalSection
	GlobalSection(ProjectConfigurationPlatforms) = postSolution
		{71EA57C9-46B1-4D2C-B796-83A294FBB603}.Debug|Any CPU.ActiveCfg = Debug|Any CPU
		{71EA57C9-46B1-4D2C-B796-83A294FBB603}.Debug|Any CPU.Build.0 = Debug|Any CPU
		{71EA57C9-46B1-4D2C-B796-83A294FBB603}.Release|Any CPU.ActiveCfg = Release|Any CPU
		{71EA57C9-46B1-4D2C-B796-83A294FBB603}.Release|Any CPU.Build.0 = Release|Any CPU
	EndGlobalSection
	GlobalSection(SolutionProperties) = preSolution
		HideSolutionNode = FALSE
	EndGlobalSection
	GlobalSection(NestedProjects) = preSolution
		{71EA57C9-46B1-4D2C-B796-83A294FBB603} = {67ECAD12-35ED-4E21-8522-20B5D0AA75CC}
	EndGlobalSection
EndGlobal
